Microsoft Visual Studio Solution File, Format Version 12.00
# Visual Studio Version 17
VisualStudioVersion = 17.5.2.0
MinimumVisualStudioVersion = 10.0.40219.1
Project("{FAE04EC0-301F-11D3-BF4B-00C04F79EFBC}") = "012-c#", "012-c#\012-c#.csproj", "{3912106F-DBAE-5143-5B30-124FF4EB59BA}"
EndProject
Global
	GlobalSection(SolutionConfigurationPlatforms) = preSolution
		Debug|Any CPU = Debug|Any CPU
		Release|Any CPU = Release|Any CPU
	EndGlobalSection
	GlobalSection(ProjectConfigurationPlatforms) = postSolution
		{3912106F-DBAE-5143-5B30-124FF4EB59BA}.Debug|Any CPU.ActiveCfg = Debug|Any CPU
		{3912106F-DBAE-5143-5B30-124FF4EB59BA}.Debug|Any CPU.Build.0 = Debug|Any CPU
		{3912106F-DBAE-5143-5B30-124FF4EB59BA}.Release|Any CPU.ActiveCfg = Release|Any CPU
		{3912106F-DBAE-5143-5B30-124FF4EB59BA}.Release|Any CPU.Build.0 = Release|Any CPU
	EndGlobalSection
	GlobalSection(SolutionProperties) = preSolution
		HideSolutionNode = FALSE
	EndGlobalSection
	GlobalSection(ExtensibilityGlobals) = postSolution
		SolutionGuid = {5B006C99-EDFD-4951-9DE9-6105612278A8}
	EndGlobalSection
EndGlobal
